// !$*UTF8*$!
{
	archiveVersion = 1;
	classes = {
	};
	objectVersion = 46;
	objects = {

/* Begin PBXBuildFile section */
		5009E95B1CF823A5008CBB0E /* CRLoadingView.m in Sources */ = {isa = PBXBuildFile; fileRef = 5009E95A1CF823A5008CBB0E /* CRLoadingView.m */; };
		5009E95E1CF87112008CBB0E /* InitialViewController.m in Sources */ = {isa = PBXBuildFile; fileRef = 5009E95D1CF87112008CBB0E /* InitialViewController.m */; };
		50A443BF1D055EC400523FD0 /* GMapViewController.m in Sources */ = {isa = PBXBuildFile; fileRef = 50A443BE1D055EC400523FD0 /* GMapViewController.m */; };
		50D8316C1CF5C5440050DD42 /* main.m in Sources */ = {isa = PBXBuildFile; fileRef = 50D8316B1CF5C5440050DD42 /* main.m */; };
		50D8316F1CF5C5440050DD42 /* AppDelegate.m in Sources */ = {isa = PBXBuildFile; fileRef = 50D8316E1CF5C5440050DD42 /* AppDelegate.m */; };
		50D831721CF5C5440050DD42 /* ViewController.m in Sources */ = {isa = PBXBuildFile; fileRef = 50D831711CF5C5440050DD42 /* ViewController.m */; };
		50D831751CF5C5440050DD42 /* Main.storyboard in Resources */ = {isa = PBXBuildFile; fileRef = 50D831731CF5C5440050DD42 /* Main.storyboard */; };
		50D831771CF5C5440050DD42 /* Assets.xcassets in Resources */ = {isa = PBXBuildFile; fileRef = 50D831761CF5C5440050DD42 /* Assets.xcassets */; };
		50D8317A1CF5C5440050DD42 /* LaunchScreen.storyboard in Resources */ = {isa = PBXBuildFile; fileRef = 50D831781CF5C5440050DD42 /* LaunchScreen.storyboard */; };
		50D831851CF5C5440050DD42 /* NSRMapBoxTestTests.m in Sources */ = {isa = PBXBuildFile; fileRef = 50D831841CF5C5440050DD42 /* NSRMapBoxTestTests.m */; };
		50D831901CF5C5440050DD42 /* NSRMapBoxTestUITests.m in Sources */ = {isa = PBXBuildFile; fileRef = 50D8318F1CF5C5440050DD42 /* NSRMapBoxTestUITests.m */; };
		50D831A91CF5CE5B0050DD42 /* Mapbox.framework in Frameworks */ = {isa = PBXBuildFile; fileRef = 50D831A81CF5CE5B0050DD42 /* Mapbox.framework */; };
		50D831AA1CF5CE5B0050DD42 /* Mapbox.framework in Embed Frameworks */ = {isa = PBXBuildFile; fileRef = 50D831A81CF5CE5B0050DD42 /* Mapbox.framework */; settings = {ATTRIBUTES = (CodeSignOnCopy, RemoveHeadersOnCopy, ); }; };
		714CE2335B00D67D2E8CC048 /* libPods-NSRMapBoxTest.a in Frameworks */ = {isa = PBXBuildFile; fileRef = BDD09CB5B7DF7F676D5DB9C4 /* libPods-NSRMapBoxTest.a */; };
/* End PBXBuildFile section */

/* Begin PBXContainerItemProxy section */
		50D831811CF5C5440050DD42 /* PBXContainerItemProxy */ = {
			isa = PBXContainerItemProxy;
			containerPortal = 50D8315F1CF5C5430050DD42 /* Project object */;
			proxyType = 1;
			remoteGlobalIDString = 50D831661CF5C5430050DD42;
			remoteInfo = NSRMapBoxTest;
		};
		50D8318C1CF5C5440050DD42 /* PBXContainerItemProxy */ = {
			isa = PBXContainerItemProxy;
			containerPortal = 50D8315F1CF5C5430050DD42 /* Project object */;
			proxyType = 1;
			remoteGlobalIDString = 50D831661CF5C5430050DD42;
			remoteInfo = NSRMapBoxTest;
		};
/* End PBXContainerItemProxy section */

/* Begin PBXCopyFilesBuildPhase section */
		50D831A71CF5CE020050DD42 /* Embed Frameworks */ = {
			isa = PBXCopyFilesBuildPhase;
			buildActionMask = 2147483647;
			dstPath = "";
			dstSubfolderSpec = 10;
			files = (
				50D831AA1CF5CE5B0050DD42 /* Mapbox.framework in Embed Frameworks */,
			);
			name = "Embed Frameworks";
			runOnlyForDeploymentPostprocessing = 0;
		};
/* End PBXCopyFilesBuildPhase section */

/* Begin PBXFileReference section */
		5009E9591CF823A5008CBB0E /* CRLoadingView.h */ = {isa = PBXFileReference; fileEncoding = 4; lastKnownFileType = sourcecode.c.h; path = CRLoadingView.h; sourceTree = "<group>"; };
		5009E95A1CF823A5008CBB0E /* CRLoadingView.m */ = {isa = PBXFileReference; fileEncoding = 4; lastKnownFileType = sourcecode.c.objc; path = CRLoadingView.m; sourceTree = "<group>"; };
		5009E95C1CF87112008CBB0E /* InitialViewController.h */ = {isa = PBXFileReference; fileEncoding = 4; lastKnownFileType = sourcecode.c.h; path = InitialViewController.h; sourceTree = "<group>"; };
		5009E95D1CF87112008CBB0E /* InitialViewController.m */ = {isa = PBXFileReference; fileEncoding = 4; lastKnownFileType = sourcecode.c.objc; path = InitialViewController.m; sourceTree = "<group>"; };
		50A443BD1D055EC400523FD0 /* GMapViewController.h */ = {isa = PBXFileReference; fileEncoding = 4; lastKnownFileType = sourcecode.c.h; path = GMapViewController.h; sourceTree = "<group>"; };
		50A443BE1D055EC400523FD0 /* GMapViewController.m */ = {isa = PBXFileReference; fileEncoding = 4; lastKnownFileType = sourcecode.c.objc; path = GMapViewController.m; sourceTree = "<group>"; };
		50D831671CF5C5430050DD42 /* NSRMapBoxTest.app */ = {isa = PBXFileReference; explicitFileType = wrapper.application; includeInIndex = 0; path = NSRMapBoxTest.app; sourceTree = BUILT_PRODUCTS_DIR; };
		50D8316B1CF5C5440050DD42 /* main.m */ = {isa = PBXFileReference; lastKnownFileType = sourcecode.c.objc; path = main.m; sourceTree = "<group>"; };
		50D8316D1CF5C5440050DD42 /* AppDelegate.h */ = {isa = PBXFileReference; lastKnownFileType = sourcecode.c.h; path = AppDelegate.h; sourceTree = "<group>"; };
		50D8316E1CF5C5440050DD42 /* AppDelegate.m */ = {isa = PBXFileReference; lastKnownFileType = sourcecode.c.objc; path = AppDelegate.m; sourceTree = "<group>"; };
		50D831701CF5C5440050DD42 /* ViewController.h */ = {isa = PBXFileReference; lastKnownFileType = sourcecode.c.h; path = ViewController.h; sourceTree = "<group>"; };
		50D831711CF5C5440050DD42 /* ViewController.m */ = {isa = PBXFileReference; lastKnownFileType = sourcecode.c.objc; path = ViewController.m; sourceTree = "<group>"; };
		50D831741CF5C5440050DD42 /* Base */ = {isa = PBXFileReference; lastKnownFileType = file.storyboard; name = Base; path = Base.lproj/Main.storyboard; sourceTree = "<group>"; };
		50D831761CF5C5440050DD42 /* Assets.xcassets */ = {isa = PBXFileReference; lastKnownFileType = folder.assetcatalog; path = Assets.xcassets; sourceTree = "<group>"; };
		50D831791CF5C5440050DD42 /* Base */ = {isa = PBXFileReference; lastKnownFileType = file.storyboard; name = Base; path = Base.lproj/LaunchScreen.storyboard; sourceTree = "<group>"; };
		50D8317B1CF5C5440050DD42 /* Info.plist */ = {isa = PBXFileReference; lastKnownFileType = text.plist.xml; path = Info.plist; sourceTree = "<group>"; };
		50D831801CF5C5440050DD42 /* NSRMapBoxTestTests.xctest */ = {isa = PBXFileReference; explicitFileType = wrapper.cfbundle; includeInIndex = 0; path = NSRMapBoxTestTests.xctest; sourceTree = BUILT_PRODUCTS_DIR; };
		50D831841CF5C5440050DD42 /* NSRMapBoxTestTests.m */ = {isa = PBXFileReference; lastKnownFileType = sourcecode.c.objc; path = NSRMapBoxTestTests.m; sourceTree = "<group>"; };
		50D831861CF5C5440050DD42 /* Info.plist */ = {isa = PBXFileReference; lastKnownFileType = text.plist.xml; path = Info.plist; sourceTree = "<group>"; };
		50D8318B1CF5C5440050DD42 /* NSRMapBoxTestUITests.xctest */ = {isa = PBXFileReference; explicitFileType = wrapper.cfbundle; includeInIndex = 0; path = NSRMapBoxTestUITests.xctest; sourceTree = BUILT_PRODUCTS_DIR; };
		50D8318F1CF5C5440050DD42 /* NSRMapBoxTestUITests.m */ = {isa = PBXFileReference; lastKnownFileType = sourcecode.c.objc; path = NSRMapBoxTestUITests.m; sourceTree = "<group>"; };
		50D831911CF5C5440050DD42 /* Info.plist */ = {isa = PBXFileReference; lastKnownFileType = text.plist.xml; path = Info.plist; sourceTree = "<group>"; };
		50D831A81CF5CE5B0050DD42 /* Mapbox.framework */ = {isa = PBXFileReference; lastKnownFileType = wrapper.framework; path = Mapbox.framework; sourceTree = "<group>"; };
		7F9337E524BD3C1D73F62AAE /* Pods-NSRMapBoxTest.release.xcconfig */ = {isa = PBXFileReference; includeInIndex = 1; lastKnownFileType = text.xcconfig; name = "Pods-NSRMapBoxTest.release.xcconfig"; path = "Pods/Target Support Files/Pods-NSRMapBoxTest/Pods-NSRMapBoxTest.release.xcconfig"; sourceTree = "<group>"; };
		9C40F6A997AEAB2393F6C257 /* Pods-NSRMapBoxTest.debug.xcconfig */ = {isa = PBXFileReference; includeInIndex = 1; lastKnownFileType = text.xcconfig; name = "Pods-NSRMapBoxTest.debug.xcconfig"; path = "Pods/Target Support Files/Pods-NSRMapBoxTest/Pods-NSRMapBoxTest.debug.xcconfig"; sourceTree = "<group>"; };
		BDD09CB5B7DF7F676D5DB9C4 /* libPods-NSRMapBoxTest.a */ = {isa = PBXFileReference; explicitFileType = archive.ar; includeInIndex = 0; path = "libPods-NSRMapBoxTest.a"; sourceTree = BUILT_PRODUCTS_DIR; };
/* End PBXFileReference section */

/* Begin PBXFrameworksBuildPhase section */
		50D831641CF5C5430050DD42 /* Frameworks */ = {
			isa = PBXFrameworksBuildPhase;
			buildActionMask = 2147483647;
			files = (
				50D831A91CF5CE5B0050DD42 /* Mapbox.framework in Frameworks */,
				714CE2335B00D67D2E8CC048 /* libPods-NSRMapBoxTest.a in Frameworks */,
			);
			runOnlyForDeploymentPostprocessing = 0;
		};
		50D8317D1CF5C5440050DD42 /* Frameworks */ = {
			isa = PBXFrameworksBuildPhase;
			buildActionMask = 2147483647;
			files = (
			);
			runOnlyForDeploymentPostprocessing = 0;
		};
		50D831881CF5C5440050DD42 /* Frameworks */ = {
			isa = PBXFrameworksBuildPhase;
			buildActionMask = 2147483647;
			files = (
			);
			runOnlyForDeploymentPostprocessing = 0;
		};
/* End PBXFrameworksBuildPhase section */

/* Begin PBXGroup section */
		5009E9581CF823A5008CBB0E /* CRLoadingView */ = {
			isa = PBXGroup;
			children = (
				5009E9591CF823A5008CBB0E /* CRLoadingView.h */,
				5009E95A1CF823A5008CBB0E /* CRLoadingView.m */,
			);
			path = CRLoadingView;
			sourceTree = "<group>";
		};
		50D8315E1CF5C5430050DD42 = {
			isa = PBXGroup;
			children = (
				50D831A81CF5CE5B0050DD42 /* Mapbox.framework */,
				50D831691CF5C5440050DD42 /* NSRMapBoxTest */,
				50D831831CF5C5440050DD42 /* NSRMapBoxTestTests */,
				50D8318E1CF5C5440050DD42 /* NSRMapBoxTestUITests */,
				50D831681CF5C5430050DD42 /* Products */,
				9382602329F4CD5803230A27 /* Pods */,
				5BADABB6550889D9768F2BC7 /* Frameworks */,
			);
			sourceTree = "<group>";
		};
		50D831681CF5C5430050DD42 /* Products */ = {
			isa = PBXGroup;
			children = (
				50D831671CF5C5430050DD42 /* NSRMapBoxTest.app */,
				50D831801CF5C5440050DD42 /* NSRMapBoxTestTests.xctest */,
				50D8318B1CF5C5440050DD42 /* NSRMapBoxTestUITests.xctest */,
			);
			name = Products;
			sourceTree = "<group>";
		};
		50D831691CF5C5440050DD42 /* NSRMapBoxTest */ = {
			isa = PBXGroup;
			children = (
				50D8316D1CF5C5440050DD42 /* AppDelegate.h */,
				50D8316E1CF5C5440050DD42 /* AppDelegate.m */,
				50D831701CF5C5440050DD42 /* ViewController.h */,
				50D831711CF5C5440050DD42 /* ViewController.m */,
				5009E95C1CF87112008CBB0E /* InitialViewController.h */,
				5009E95D1CF87112008CBB0E /* InitialViewController.m */,
				50A443BD1D055EC400523FD0 /* GMapViewController.h */,
				50A443BE1D055EC400523FD0 /* GMapViewController.m */,
				50D831731CF5C5440050DD42 /* Main.storyboard */,
				50D831761CF5C5440050DD42 /* Assets.xcassets */,
				50D831781CF5C5440050DD42 /* LaunchScreen.storyboard */,
				50D8317B1CF5C5440050DD42 /* Info.plist */,
				5009E9581CF823A5008CBB0E /* CRLoadingView */,
				50D8316A1CF5C5440050DD42 /* Supporting Files */,
			);
			path = NSRMapBoxTest;
			sourceTree = "<group>";
		};
		50D8316A1CF5C5440050DD42 /* Supporting Files */ = {
			isa = PBXGroup;
			children = (
				50D8316B1CF5C5440050DD42 /* main.m */,
			);
			name = "Supporting Files";
			sourceTree = "<group>";
		};
		50D831831CF5C5440050DD42 /* NSRMapBoxTestTests */ = {
			isa = PBXGroup;
			children = (
				50D831841CF5C5440050DD42 /* NSRMapBoxTestTests.m */,
				50D831861CF5C5440050DD42 /* Info.plist */,
			);
			path = NSRMapBoxTestTests;
			sourceTree = "<group>";
		};
		50D8318E1CF5C5440050DD42 /* NSRMapBoxTestUITests */ = {
			isa = PBXGroup;
			children = (
				50D8318F1CF5C5440050DD42 /* NSRMapBoxTestUITests.m */,
				50D831911CF5C5440050DD42 /* Info.plist */,
			);
			path = NSRMapBoxTestUITests;
			sourceTree = "<group>";
		};
		5BADABB6550889D9768F2BC7 /* Frameworks */ = {
			isa = PBXGroup;
			children = (
				BDD09CB5B7DF7F676D5DB9C4 /* libPods-NSRMapBoxTest.a */,
			);
			name = Frameworks;
			sourceTree = "<group>";
		};
		9382602329F4CD5803230A27 /* Pods */ = {
			isa = PBXGroup;
			children = (
				9C40F6A997AEAB2393F6C257 /* Pods-NSRMapBoxTest.debug.xcconfig */,
				7F9337E524BD3C1D73F62AAE /* Pods-NSRMapBoxTest.release.xcconfig */,
			);
			name = Pods;
			sourceTree = "<group>";
		};
/* End PBXGroup section */

/* Begin PBXNativeTarget section */
		50D831661CF5C5430050DD42 /* NSRMapBoxTest */ = {
			isa = PBXNativeTarget;
			buildConfigurationList = 50D831941CF5C5440050DD42 /* Build configuration list for PBXNativeTarget "NSRMapBoxTest" */;
			buildPhases = (
				2C3FCE66806A55365DC1EA2B /* [CP] Check Pods Manifest.lock */,
				50D831631CF5C5430050DD42 /* Sources */,
				50D831641CF5C5430050DD42 /* Frameworks */,
				50D831651CF5C5430050DD42 /* Resources */,
				50D831A71CF5CE020050DD42 /* Embed Frameworks */,
				D46D1A1549CD467CE634FAEE /* [CP] Embed Pods Frameworks */,
				E06C8D2E79359D9FAEAE7490 /* [CP] Copy Pods Resources */,
			);
			buildRules = (
			);
			dependencies = (
			);
			name = NSRMapBoxTest;
			productName = NSRMapBoxTest;
			productReference = 50D831671CF5C5430050DD42 /* NSRMapBoxTest.app */;
			productType = "com.apple.product-type.application";
		};
		50D8317F1CF5C5440050DD42 /* NSRMapBoxTestTests */ = {
			isa = PBXNativeTarget;
			buildConfigurationList = 50D831971CF5C5440050DD42 /* Build configuration list for PBXNativeTarget "NSRMapBoxTestTests" */;
			buildPhases = (
				50D8317C1CF5C5440050DD42 /* Sources */,
				50D8317D1CF5C5440050DD42 /* Frameworks */,
				50D8317E1CF5C5440050DD42 /* Resources */,
			);
			buildRules = (
			);
			dependencies = (
				50D831821CF5C5440050DD42 /* PBXTargetDependency */,
			);
			name = NSRMapBoxTestTests;
			productName = NSRMapBoxTestTests;
			productReference = 50D831801CF5C5440050DD42 /* NSRMapBoxTestTests.xctest */;
			productType = "com.apple.product-type.bundle.unit-test";
		};
		50D8318A1CF5C5440050DD42 /* NSRMapBoxTestUITests */ = {
			isa = PBXNativeTarget;
			buildConfigurationList = 50D8319A1CF5C5440050DD42 /* Build configuration list for PBXNativeTarget "NSRMapBoxTestUITests" */;
			buildPhases = (
				50D831871CF5C5440050DD42 /* Sources */,
				50D831881CF5C5440050DD42 /* Frameworks */,
				50D831891CF5C5440050DD42 /* Resources */,
			);
			buildRules = (
			);
			dependencies = (
				50D8318D1CF5C5440050DD42 /* PBXTargetDependency */,
			);
			name = NSRMapBoxTestUITests;
			productName = NSRMapBoxTestUITests;
			productReference = 50D8318B1CF5C5440050DD42 /* NSRMapBoxTestUITests.xctest */;
			productType = "com.apple.product-type.bundle.ui-testing";
		};
/* End PBXNativeTarget section */

/* Begin PBXProject section */
		50D8315F1CF5C5430050DD42 /* Project object */ = {
			isa = PBXProject;
			attributes = {
				LastUpgradeCheck = 0720;
				ORGANIZATIONNAME = Nasir;
				TargetAttributes = {
					50D831661CF5C5430050DD42 = {
						CreatedOnToolsVersion = 7.2;
						DevelopmentTeam = 9EG457KF2H;
					};
					50D8317F1CF5C5440050DD42 = {
						CreatedOnToolsVersion = 7.2;
						TestTargetID = 50D831661CF5C5430050DD42;
					};
					50D8318A1CF5C5440050DD42 = {
						CreatedOnToolsVersion = 7.2;
						TestTargetID = 50D831661CF5C5430050DD42;
					};
				};
			};
			buildConfigurationList = 50D831621CF5C5430050DD42 /* Build configuration list for PBXProject "NSRMapBoxTest" */;
			compatibilityVersion = "Xcode 3.2";
			developmentRegion = English;
			hasScannedForEncodings = 0;
			knownRegions = (
				en,
				Base,
			);
			mainGroup = 50D8315E1CF5C5430050DD42;
			productRefGroup = 50D831681CF5C5430050DD42 /* Products */;
			projectDirPath = "";
			projectRoot = "";
			targets = (
				50D831661CF5C5430050DD42 /* NSRMapBoxTest */,
				50D8317F1CF5C5440050DD42 /* NSRMapBoxTestTests */,
				50D8318A1CF5C5440050DD42 /* NSRMapBoxTestUITests */,
			);
		};
/* End PBXProject section */

/* Begin PBXResourcesBuildPhase section */
		50D831651CF5C5430050DD42 /* Resources */ = {
			isa = PBXResourcesBuildPhase;
			buildActionMask = 2147483647;
			files = (
				50D8317A1CF5C5440050DD42 /* LaunchScreen.storyboard in Resources */,
				50D831771CF5C5440050DD42 /* Assets.xcassets in Resources */,
				50D831751CF5C5440050DD42 /* Main.storyboard in Resources */,
			);
			runOnlyForDeploymentPostprocessing = 0;
		};
		50D8317E1CF5C5440050DD42 /* Resources */ = {
			isa = PBXResourcesBuildPhase;
			buildActionMask = 2147483647;
			files = (
			);
			runOnlyForDeploymentPostprocessing = 0;
		};
		50D831891CF5C5440050DD42 /* Resources */ = {
			isa = PBXResourcesBuildPhase;
			buildActionMask = 2147483647;
			files = (
			);
			runOnlyForDeploymentPostprocessing = 0;
		};
/* End PBXResourcesBuildPhase section */

/* Begin PBXShellScriptBuildPhase section */
		2C3FCE66806A55365DC1EA2B /* [CP] Check Pods Manifest.lock */ = {
			isa = PBXShellScriptBuildPhase;
			buildActionMask = 2147483647;
			files = (
			);
			inputPaths = (
			);
			name = "[CP] Check Pods Manifest.lock";
			outputPaths = (
			);
			runOnlyForDeploymentPostprocessing = 0;
			shellPath = /bin/sh;
			shellScript = "diff \"${PODS_ROOT}/../Podfile.lock\" \"${PODS_ROOT}/Manifest.lock\" > /dev/null\nif [[ $? != 0 ]] ; then\n    cat << EOM\nerror: The sandbox is not in sync with the Podfile.lock. Run 'pod install' or update your CocoaPods installation.\nEOM\n    exit 1\nfi\n";
			showEnvVarsInLog = 0;
		};
		D46D1A1549CD467CE634FAEE /* [CP] Embed Pods Frameworks */ = {
			isa = PBXShellScriptBuildPhase;
			buildActionMask = 2147483647;
			files = (
			);
			inputPaths = (
			);
			name = "[CP] Embed Pods Frameworks";
			outputPaths = (
			);
			runOnlyForDeploymentPostprocessing = 0;
			shellPath = /bin/sh;
			shellScript = "\"${SRCROOT}/Pods/Target Support Files/Pods-NSRMapBoxTest/Pods-NSRMapBoxTest-frameworks.sh\"\n";
			showEnvVarsInLog = 0;
		};
		E06C8D2E79359D9FAEAE7490 /* [CP] Copy Pods Resources */ = {
			isa = PBXShellScriptBuildPhase;
			buildActionMask = 2147483647;
			files = (
			);
			inputPaths = (
			);
			name = "[CP] Copy Pods Resources";
			outputPaths = (
			);
			runOnlyForDeploymentPostprocessing = 0;
			shellPath = /bin/sh;
			shellScript = "\"${SRCROOT}/Pods/Target Support Files/Pods-NSRMapBoxTest/Pods-NSRMapBoxTest-resources.sh\"\n";
			showEnvVarsInLog = 0;
		};
/* End PBXShellScriptBuildPhase section */

/* Begin PBXSourcesBuildPhase section */
		50D831631CF5C5430050DD42 /* Sources */ = {
			isa = PBXSourcesBuildPhase;
			buildActionMask = 2147483647;
			files = (
				5009E95E1CF87112008CBB0E /* InitialViewController.m in Sources */,
				5009E95B1CF823A5008CBB0E /* CRLoadingView.m in Sources */,
				50D831721CF5C5440050DD42 /* ViewController.m in Sources */,
				50D8316F1CF5C5440050DD42 /* AppDelegate.m in Sources */,
				50D8316C1CF5C5440050DD42 /* main.m in Sources */,
				50A443BF1D055EC400523FD0 /* GMapViewController.m in Sources */,
			);
			runOnlyForDeploymentPostprocessing = 0;
		};
		50D8317C1CF5C5440050DD42 /* Sources */ = {
			isa = PBXSourcesBuildPhase;
			buildActionMask = 2147483647;
			files = (
				50D831851CF5C5440050DD42 /* NSRMapBoxTestTests.m in Sources */,
			);
			runOnlyForDeploymentPostprocessing = 0;
		};
		50D831871CF5C5440050DD42 /* Sources */ = {
			isa = PBXSourcesBuildPhase;
			buildActionMask = 2147483647;
			files = (
				50D831901CF5C5440050DD42 /* NSRMapBoxTestUITests.m in Sources */,
			);
			runOnlyForDeploymentPostprocessing = 0;
		};
/* End PBXSourcesBuildPhase section */

/* Begin PBXTargetDependency section */
		50D831821CF5C5440050DD42 /* PBXTargetDependency */ = {
			isa = PBXTargetDependency;
			target = 50D831661CF5C5430050DD42 /* NSRMapBoxTest */;
			targetProxy = 50D831811CF5C5440050DD42 /* PBXContainerItemProxy */;
		};
		50D8318D1CF5C5440050DD42 /* PBXTargetDependency */ = {
			isa = PBXTargetDependency;
			target = 50D831661CF5C5430050DD42 /* NSRMapBoxTest */;
			targetProxy = 50D8318C1CF5C5440050DD42 /* PBXContainerItemProxy */;
		};
/* End PBXTargetDependency section */

/* Begin PBXVariantGroup section */
		50D831731CF5C5440050DD42 /* Main.storyboard */ = {
			isa = PBXVariantGroup;
			children = (
				50D831741CF5C5440050DD42 /* Base */,
			);
			name = Main.storyboard;
			sourceTree = "<group>";
		};
		50D831781CF5C5440050DD42 /* LaunchScreen.storyboard */ = {
			isa = PBXVariantGroup;
			children = (
				50D831791CF5C5440050DD42 /* Base */,
			);
			name = LaunchScreen.storyboard;
			sourceTree = "<group>";
		};
/* End PBXVariantGroup section */

/* Begin XCBuildConfiguration section */
		50D831921CF5C5440050DD42 /* Debug */ = {
			isa = XCBuildConfiguration;
			buildSettings = {
				ALWAYS_SEARCH_USER_PATHS = NO;
				CLANG_CXX_LANGUAGE_STANDARD = "gnu++0x";
				CLANG_CXX_LIBRARY = "libc++";
				CLANG_ENABLE_MODULES = YES;
				CLANG_ENABLE_OBJC_ARC = YES;
				CLANG_WARN_BOOL_CONVERSION = YES;
				CLANG_WARN_CONSTANT_CONVERSION = YES;
				CLANG_WARN_DIRECT_OBJC_ISA_USAGE = YES_ERROR;
				CLANG_WARN_EMPTY_BODY = YES;
				CLANG_WARN_ENUM_CONVERSION = YES;
				CLANG_WARN_INT_CONVERSION = YES;
				CLANG_WARN_OBJC_ROOT_CLASS = YES_ERROR;
				CLANG_WARN_UNREACHABLE_CODE = YES;
				CLANG_WARN__DUPLICATE_METHOD_MATCH = YES;
				"CODE_SIGN_IDENTITY[sdk=iphoneos*]" = "iPhone Developer";
				COPY_PHASE_STRIP = NO;
				DEBUG_INFORMATION_FORMAT = dwarf;
				ENABLE_STRICT_OBJC_MSGSEND = YES;
				ENABLE_TESTABILITY = YES;
				GCC_C_LANGUAGE_STANDARD = gnu99;
				GCC_DYNAMIC_NO_PIC = NO;
				GCC_NO_COMMON_BLOCKS = YES;
				GCC_OPTIMIZATION_LEVEL = 0;
				GCC_PREPROCESSOR_DEFINITIONS = (
					"DEBUG=1",
					"$(inherited)",
				);
				GCC_WARN_64_TO_32_BIT_CONVERSION = YES;
				GCC_WARN_ABOUT_RETURN_TYPE = YES_ERROR;
				GCC_WARN_UNDECLARED_SELECTOR = YES;
				GCC_WARN_UNINITIALIZED_AUTOS = YES_AGGRESSIVE;
				GCC_WARN_UNUSED_FUNCTION = YES;
				GCC_WARN_UNUSED_VARIABLE = YES;
				IPHONEOS_DEPLOYMENT_TARGET = 9.2;
				MTL_ENABLE_DEBUG_INFO = YES;
				ONLY_ACTIVE_ARCH = YES;
				SDKROOT = iphoneos;
				TARGETED_DEVICE_FAMILY = "1,2";
			};
			name = Debug;
		};
		50D831931CF5C5440050DD42 /* Release */ = {
			isa = XCBuildConfiguration;
			buildSettings = {
				ALWAYS_SEARCH_USER_PATHS = NO;
				CLANG_CXX_LANGUAGE_STANDARD = "gnu++0x";
				CLANG_CXX_LIBRARY = "libc++";
				CLANG_ENABLE_MODULES = YES;
				CLANG_ENABLE_OBJC_ARC = YES;
				CLANG_WARN_BOOL_CONVERSION = YES;
				CLANG_WARN_CONSTANT_CONVERSION = YES;
				CLANG_WARN_DIRECT_OBJC_ISA_USAGE = YES_ERROR;
				CLANG_WARN_EMPTY_BODY = YES;
				CLANG_WARN_ENUM_CONVERSION = YES;
				CLANG_WARN_INT_CONVERSION = YES;
				CLANG_WARN_OBJC_ROOT_CLASS = YES_ERROR;
				CLANG_WARN_UNREACHABLE_CODE = YES;
				CLANG_WARN__DUPLICATE_METHOD_MATCH = YES;
				"CODE_SIGN_IDENTITY[sdk=iphoneos*]" = "iPhone Developer";
				COPY_PHASE_STRIP = NO;
				DEBUG_INFORMATION_FORMAT = "dwarf-with-dsym";
				ENABLE_NS_ASSERTIONS = NO;
				ENABLE_STRICT_OBJC_MSGSEND = YES;
				GCC_C_LANGUAGE_STANDARD = gnu99;
				GCC_NO_COMMON_BLOCKS = YES;
				GCC_WARN_64_TO_32_BIT_CONVERSION = YES;
				GCC_WARN_ABOUT_RETURN_TYPE = YES_ERROR;
				GCC_WARN_UNDECLARED_SELECTOR = YES;
				GCC_WARN_UNINITIALIZED_AUTOS = YES_AGGRESSIVE;
				GCC_WARN_UNUSED_FUNCTION = YES;
				GCC_WARN_UNUSED_VARIABLE = YES;
				IPHONEOS_DEPLOYMENT_TARGET = 9.2;
				MTL_ENABLE_DEBUG_INFO = NO;
				SDKROOT = iphoneos;
				TARGETED_DEVICE_FAMILY = "1,2";
				VALIDATE_PRODUCT = YES;
			};
			name = Release;
		};
		50D831951CF5C5440050DD42 /* Debug */ = {
			isa = XCBuildConfiguration;
			baseConfigurationReference = 9C40F6A997AEAB2393F6C257 /* Pods-NSRMapBoxTest.debug.xcconfig */;
			buildSettings = {
				ASSETCATALOG_COMPILER_APPICON_NAME = AppIcon;
				CODE_SIGN_IDENTITY = "iPhone Developer";
				ENABLE_BITCODE = NO;
				FRAMEWORK_SEARCH_PATHS = (
					"$(inherited)",
					"$(PROJECT_DIR)",
				);
				INFOPLIST_FILE = NSRMapBoxTest/Info.plist;
				IPHONEOS_DEPLOYMENT_TARGET = 8.0;
				LD_RUNPATH_SEARCH_PATHS = "$(inherited) @executable_path/Frameworks";
				PRODUCT_BUNDLE_IDENTIFIER = com.ib.mobinius.NSRMapBoxTest;
				PRODUCT_NAME = "$(TARGET_NAME)";
			};
			name = Debug;
		};
		50D831961CF5C5440050DD42 /* Release */ = {
			isa = XCBuildConfiguration;
			baseConfigurationReference = 7F9337E524BD3C1D73F62AAE /* Pods-NSRMapBoxTest.release.xcconfig */;
			buildSettings = {
				ASSETCATALOG_COMPILER_APPICON_NAME = AppIcon;
				CODE_SIGN_IDENTITY = "iPhone Developer";
				ENABLE_BITCODE = NO;
				FRAMEWORK_SEARCH_PATHS = (
					"$(inherited)",
					"$(PROJECT_DIR)",
				);
				INFOPLIST_FILE = NSRMapBoxTest/Info.plist;
				IPHONEOS_DEPLOYMENT_TARGET = 8.0;
				LD_RUNPATH_SEARCH_PATHS = "$(inherited) @executable_path/Frameworks";
				PRODUCT_BUNDLE_IDENTIFIER = com.ib.mobinius.NSRMapBoxTest;
				PRODUCT_NAME = "$(TARGET_NAME)";
			};
			name = Release;
		};
		50D831981CF5C5440050DD42 /* Debug */ = {
			isa = XCBuildConfiguration;
			buildSettings = {
				BUNDLE_LOADER = "$(TEST_HOST)";
				INFOPLIST_FILE = NSRMapBoxTestTests/Info.plist;
				LD_RUNPATH_SEARCH_PATHS = "$(inherited) @executable_path/Frameworks @loader_path/Frameworks";
				PRODUCT_BUNDLE_IDENTIFIER = com.mobinius.NSRMapBoxTestTests;
				PRODUCT_NAME = "$(TARGET_NAME)";
				TEST_HOST = "$(BUILT_PRODUCTS_DIR)/NSRMapBoxTest.app/NSRMapBoxTest";
			};
			name = Debug;
		};
		50D831991CF5C5440050DD42 /* Release */ = {
			isa = XCBuildConfiguration;
			buildSettings = {
				BUNDLE_LOADER = "$(TEST_HOST)";
				INFOPLIST_FILE = NSRMapBoxTestTests/Info.plist;
				LD_RUNPATH_SEARCH_PATHS = "$(inherited) @executable_path/Frameworks @loader_path/Frameworks";
				PRODUCT_BUNDLE_IDENTIFIER = com.mobinius.NSRMapBoxTestTests;
				PRODUCT_NAME = "$(TARGET_NAME)";
				TEST_HOST = "$(BUILT_PRODUCTS_DIR)/NSRMapBoxTest.app/NSRMapBoxTest";
			};
			name = Release;
		};
		50D8319B1CF5C5440050DD42 /* Debug */ = {
			isa = XCBuildConfiguration;
			buildSettings = {
				INFOPLIST_FILE = NSRMapBoxTestUITests/Info.plist;
				LD_RUNPATH_SEARCH_PATHS = "$(inherited) @executable_path/Frameworks @loader_path/Frameworks";
				PRODUCT_BUNDLE_IDENTIFIER = com.mobinius.NSRMapBoxTestUITests;
				PRODUCT_NAME = "$(TARGET_NAME)";
				TEST_TARGET_NAME = NSRMapBoxTest;
				USES_XCTRUNNER = YES;
			};
			name = Debug;
		};
		50D8319C1CF5C5440050DD42 /* Release */ = {
			isa = XCBuildConfiguration;
			buildSettings = {
				INFOPLIST_FILE = NSRMapBoxTestUITests/Info.plist;
				LD_RUNPATH_SEARCH_PATHS = "$(inherited) @executable_path/Frameworks @loader_path/Frameworks";
				PRODUCT_BUNDLE_IDENTIFIER = com.mobinius.NSRMapBoxTestUITests;
				PRODUCT_NAME = "$(TARGET_NAME)";
				TEST_TARGET_NAME = NSRMapBoxTest;
				USES_XCTRUNNER = YES;
			};
			name = Release;
		};
/* End XCBuildConfiguration section */

/* Begin XCConfigurationList section */
		50D831621CF5C5430050DD42 /* Build configuration list for PBXProject "NSRMapBoxTest" */ = {
			isa = XCConfigurationList;
			buildConfigurations = (
				50D831921CF5C5440050DD42 /* Debug */,
				50D831931CF5C5440050DD42 /* Release */,
			);
			defaultConfigurationIsVisible = 0;
			defaultConfigurationName = Release;
		};
		50D831941CF5C5440050DD42 /* Build configuration list for PBXNativeTarget "NSRMapBoxTest" */ = {
			isa = XCConfigurationList;
			buildConfigurations = (
				50D831951CF5C5440050DD42 /* Debug */,
				50D831961CF5C5440050DD42 /* Release */,
			);
			defaultConfigurationIsVisible = 0;
			defaultConfigurationName = Release;
		};
		50D831971CF5C5440050DD42 /* Build configuration list for PBXNativeTarget "NSRMapBoxTestTests" */ = {
			isa = XCConfigurationList;
			buildConfigurations = (
				50D831981CF5C5440050DD42 /* Debug */,
				50D831991CF5C5440050DD42 /* Release */,
			);
			defaultConfigurationIsVisible = 0;
			defaultConfigurationName = Release;
		};
		50D8319A1CF5C5440050DD42 /* Build configuration list for PBXNativeTarget "NSRMapBoxTestUITests" */ = {
			isa = XCConfigurationList;
			buildConfigurations = (
				50D8319B1CF5C5440050DD42 /* Debug */,
				50D8319C1CF5C5440050DD42 /* Release */,
			);
			defaultConfigurationIsVisible = 0;
			defaultConfigurationName = Release;
		};
/* End XCConfigurationList section */
	};
	rootObject = 50D8315F1CF5C5430050DD42 /* Project object */;
}
